// !$*UTF8*$!
{
	archiveVersion = 1;
	classes = {
	};
	objectVersion = 46;
	objects = {

/* Begin PBXBuildFile section */
		CFE6665A1D45D21A00B0DB27 /* AppDelegate.swift in Sources */ = {isa = PBXBuildFile; fileRef = CFE666591D45D21A00B0DB27 /* AppDelegate.swift */; };
		CFE6665C1D45D21A00B0DB27 /* ViewController.swift in Sources */ = {isa = PBXBuildFile; fileRef = CFE6665B1D45D21A00B0DB27 /* ViewController.swift */; };
		CFE6665F1D45D21A00B0DB27 /* Main.storyboard in Resources */ = {isa = PBXBuildFile; fileRef = CFE6665D1D45D21A00B0DB27 /* Main.storyboard */; };
		CFE666611D45D21A00B0DB27 /* Assets.xcassets in Resources */ = {isa = PBXBuildFile; fileRef = CFE666601D45D21A00B0DB27 /* Assets.xcassets */; };
		CFE666641D45D21A00B0DB27 /* LaunchScreen.storyboard in Resources */ = {isa = PBXBuildFile; fileRef = CFE666621D45D21A00B0DB27 /* LaunchScreen.storyboard */; };
		CFE6666F1D45D21A00B0DB27 /* DisplayArrayTests.swift in Sources */ = {isa = PBXBuildFile; fileRef = CFE6666E1D45D21A00B0DB27 /* DisplayArrayTests.swift */; };
		CFE6667A1D45D21A00B0DB27 /* DisplayArrayUITests.swift in Sources */ = {isa = PBXBuildFile; fileRef = CFE666791D45D21A00B0DB27 /* DisplayArrayUITests.swift */; };
/* End PBXBuildFile section */

/* Begin PBXContainerItemProxy section */
		CFE6666B1D45D21A00B0DB27 /* PBXContainerItemProxy */ = {
			isa = PBXContainerItemProxy;
			containerPortal = CFE6664E1D45D21A00B0DB27 /* Project object */;
			proxyType = 1;
			remoteGlobalIDString = CFE666551D45D21A00B0DB27;
			remoteInfo = DisplayArray;
		};
		CFE666761D45D21A00B0DB27 /* PBXContainerItemProxy */ = {
			isa = PBXContainerItemProxy;
			containerPortal = CFE6664E1D45D21A00B0DB27 /* Project object */;
			proxyType = 1;
			remoteGlobalIDString = CFE666551D45D21A00B0DB27;
			remoteInfo = DisplayArray;
		};
/* End PBXContainerItemProxy section */

/* Begin PBXFileReference section */
		CFE666561D45D21A00B0DB27 /* DisplayArray.app */ = {isa = PBXFileReference; explicitFileType = wrapper.application; includeInIndex = 0; path = DisplayArray.app; sourceTree = BUILT_PRODUCTS_DIR; };
		CFE666591D45D21A00B0DB27 /* AppDelegate.swift */ = {isa = PBXFileReference; lastKnownFileType = sourcecode.swift; path = AppDelegate.swift; sourceTree = "<group>"; };
		CFE6665B1D45D21A00B0DB27 /* ViewController.swift */ = {isa = PBXFileReference; lastKnownFileType = sourcecode.swift; path = ViewController.swift; sourceTree = "<group>"; };
		CFE6665E1D45D21A00B0DB27 /* Base */ = {isa = PBXFileReference; lastKnownFileType = file.storyboard; name = Base; path = Base.lproj/Main.storyboard; sourceTree = "<group>"; };
		CFE666601D45D21A00B0DB27 /* Assets.xcassets */ = {isa = PBXFileReference; lastKnownFileType = folder.assetcatalog; path = Assets.xcassets; sourceTree = "<group>"; };
		CFE666631D45D21A00B0DB27 /* Base */ = {isa = PBXFileReference; lastKnownFileType = file.storyboard; name = Base; path = Base.lproj/LaunchScreen.storyboard; sourceTree = "<group>"; };
		CFE666651D45D21A00B0DB27 /* Info.plist */ = {isa = PBXFileReference; lastKnownFileType = text.plist.xml; path = Info.plist; sourceTree = "<group>"; };
		CFE6666A1D45D21A00B0DB27 /* DisplayArrayTests.xctest */ = {isa = PBXFileReference; explicitFileType = wrapper.cfbundle; includeInIndex = 0; path = DisplayArrayTests.xctest; sourceTree = BUILT_PRODUCTS_DIR; };
		CFE6666E1D45D21A00B0DB27 /* DisplayArrayTests.swift */ = {isa = PBXFileReference; lastKnownFileType = sourcecode.swift; path = DisplayArrayTests.swift; sourceTree = "<group>"; };
		CFE666701D45D21A00B0DB27 /* Info.plist */ = {isa = PBXFileReference; lastKnownFileType = text.plist.xml; path = Info.plist; sourceTree = "<group>"; };
		CFE666751D45D21A00B0DB27 /* DisplayArrayUITests.xctest */ = {isa = PBXFileReference; explicitFileType = wrapper.cfbundle; includeInIndex = 0; path = DisplayArrayUITests.xctest; sourceTree = BUILT_PRODUCTS_DIR; };
		CFE666791D45D21A00B0DB27 /* DisplayArrayUITests.swift */ = {isa = PBXFileReference; lastKnownFileType = sourcecode.swift; path = DisplayArrayUITests.swift; sourceTree = "<group>"; };
		CFE6667B1D45D21A00B0DB27 /* Info.plist */ = {isa = PBXFileReference; lastKnownFileType = text.plist.xml; path = Info.plist; sourceTree = "<group>"; };
/* End PBXFileReference section */

/* Begin PBXFrameworksBuildPhase section */
		CFE666531D45D21A00B0DB27 /* Frameworks */ = {
			isa = PBXFrameworksBuildPhase;
			buildActionMask = 2147483647;
			files = (
			);
			runOnlyForDeploymentPostprocessing = 0;
		};
		CFE666671D45D21A00B0DB27 /* Frameworks */ = {
			isa = PBXFrameworksBuildPhase;
			buildActionMask = 2147483647;
			files = (
			);
			runOnlyForDeploymentPostprocessing = 0;
		};
		CFE666721D45D21A00B0DB27 /* Frameworks */ = {
			isa = PBXFrameworksBuildPhase;
			buildActionMask = 2147483647;
			files = (
			);
			runOnlyForDeploymentPostprocessing = 0;
		};
/* End PBXFrameworksBuildPhase section */

/* Begin PBXGroup section */
		CFE6664D1D45D21A00B0DB27 = {
			isa = PBXGroup;
			children = (
				CFE666581D45D21A00B0DB27 /* DisplayArray */,
				CFE6666D1D45D21A00B0DB27 /* DisplayArrayTests */,
				CFE666781D45D21A00B0DB27 /* DisplayArrayUITests */,
				CFE666571D45D21A00B0DB27 /* Products */,
			);
			sourceTree = "<group>";
		};
		CFE666571D45D21A00B0DB27 /* Products */ = {
			isa = PBXGroup;
			children = (
				CFE666561D45D21A00B0DB27 /* DisplayArray.app */,
				CFE6666A1D45D21A00B0DB27 /* DisplayArrayTests.xctest */,
				CFE666751D45D21A00B0DB27 /* DisplayArrayUITests.xctest */,
			);
			name = Products;
			sourceTree = "<group>";
		};
		CFE666581D45D21A00B0DB27 /* DisplayArray */ = {
			isa = PBXGroup;
			children = (
				CFE666591D45D21A00B0DB27 /* AppDelegate.swift */,
				CFE6665B1D45D21A00B0DB27 /* ViewController.swift */,
				CFE6665D1D45D21A00B0DB27 /* Main.storyboard */,
				CFE666601D45D21A00B0DB27 /* Assets.xcassets */,
				CFE666621D45D21A00B0DB27 /* LaunchScreen.storyboard */,
				CFE666651D45D21A00B0DB27 /* Info.plist */,
			);
			path = DisplayArray;
			sourceTree = "<group>";
		};
		CFE6666D1D45D21A00B0DB27 /* DisplayArrayTests */ = {
			isa = PBXGroup;
			children = (
				CFE6666E1D45D21A00B0DB27 /* DisplayArrayTests.swift */,
				CFE666701D45D21A00B0DB27 /* Info.plist */,
			);
			path = DisplayArrayTests;
			sourceTree = "<group>";
		};
		CFE666781D45D21A00B0DB27 /* DisplayArrayUITests */ = {
			isa = PBXGroup;
			children = (
				CFE666791D45D21A00B0DB27 /* DisplayArrayUITests.swift */,
				CFE6667B1D45D21A00B0DB27 /* Info.plist */,
			);
			path = DisplayArrayUITests;
			sourceTree = "<group>";
		};
/* End PBXGroup section */

/* Begin PBXNativeTarget section */
		CFE666551D45D21A00B0DB27 /* DisplayArray */ = {
			isa = PBXNativeTarget;
			buildConfigurationList = CFE6667E1D45D21A00B0DB27 /* Build configuration list for PBXNativeTarget "DisplayArray" */;
			buildPhases = (
				CFE666521D45D21A00B0DB27 /* Sources */,
				CFE666531D45D21A00B0DB27 /* Frameworks */,
				CFE666541D45D21A00B0DB27 /* Resources */,
			);
			buildRules = (
			);
			dependencies = (
			);
			name = DisplayArray;
			productName = DisplayArray;
			productReference = CFE666561D45D21A00B0DB27 /* DisplayArray.app */;
			productType = "com.apple.product-type.application";
		};
		CFE666691D45D21A00B0DB27 /* DisplayArrayTests */ = {
			isa = PBXNativeTarget;
			buildConfigurationList = CFE666811D45D21A00B0DB27 /* Build configuration list for PBXNativeTarget "DisplayArrayTests" */;
			buildPhases = (
				CFE666661D45D21A00B0DB27 /* Sources */,
				CFE666671D45D21A00B0DB27 /* Frameworks */,
				CFE666681D45D21A00B0DB27 /* Resources */,
			);
			buildRules = (
			);
			dependencies = (
				CFE6666C1D45D21A00B0DB27 /* PBXTargetDependency */,
			);
			name = DisplayArrayTests;
			productName = DisplayArrayTests;
			productReference = CFE6666A1D45D21A00B0DB27 /* DisplayArrayTests.xctest */;
			productType = "com.apple.product-type.bundle.unit-test";
		};
		CFE666741D45D21A00B0DB27 /* DisplayArrayUITests */ = {
			isa = PBXNativeTarget;
			buildConfigurationList = CFE666841D45D21A00B0DB27 /* Build configuration list for PBXNativeTarget "DisplayArrayUITests" */;
			buildPhases = (
				CFE666711D45D21A00B0DB27 /* Sources */,
				CFE666721D45D21A00B0DB27 /* Frameworks */,
				CFE666731D45D21A00B0DB27 /* Resources */,
			);
			buildRules = (
			);
			dependencies = (
				CFE666771D45D21A00B0DB27 /* PBXTargetDependency */,
			);
			name = DisplayArrayUITests;
			productName = DisplayArrayUITests;
			productReference = CFE666751D45D21A00B0DB27 /* DisplayArrayUITests.xctest */;
			productType = "com.apple.product-type.bundle.ui-testing";
		};
/* End PBXNativeTarget section */

/* Begin PBXProject section */
		CFE6664E1D45D21A00B0DB27 /* Project object */ = {
			isa = PBXProject;
			attributes = {
				LastSwiftUpdateCheck = 0730;
				LastUpgradeCheck = 0730;
				ORGANIZATIONNAME = "Omri Gazitt";
				TargetAttributes = {
					CFE666551D45D21A00B0DB27 = {
						CreatedOnToolsVersion = 7.3.1;
					};
					CFE666691D45D21A00B0DB27 = {
						CreatedOnToolsVersion = 7.3.1;
						TestTargetID = CFE666551D45D21A00B0DB27;
					};
					CFE666741D45D21A00B0DB27 = {
						CreatedOnToolsVersion = 7.3.1;
						TestTargetID = CFE666551D45D21A00B0DB27;
					};
				};
			};
			buildConfigurationList = CFE666511D45D21A00B0DB27 /* Build configuration list for PBXProject "DisplayArray" */;
			compatibilityVersion = "Xcode 3.2";
			developmentRegion = English;
			hasScannedForEncodings = 0;
			knownRegions = (
				en,
				Base,
			);
			mainGroup = CFE6664D1D45D21A00B0DB27;
			productRefGroup = CFE666571D45D21A00B0DB27 /* Products */;
			projectDirPath = "";
			projectRoot = "";
			targets = (
				CFE666551D45D21A00B0DB27 /* DisplayArray */,
				CFE666691D45D21A00B0DB27 /* DisplayArrayTests */,
				CFE666741D45D21A00B0DB27 /* DisplayArrayUITests */,
			);
		};
/* End PBXProject section */

/* Begin PBXResourcesBuildPhase section */
		CFE666541D45D21A00B0DB27 /* Resources */ = {
			isa = PBXResourcesBuildPhase;
			buildActionMask = 2147483647;
			files = (
				CFE666641D45D21A00B0DB27 /* LaunchScreen.storyboard in Resources */,
				CFE666611D45D21A00B0DB27 /* Assets.xcassets in Resources */,
				CFE6665F1D45D21A00B0DB27 /* Main.storyboard in Resources */,
			);
			runOnlyForDeploymentPostprocessing = 0;
		};
		CFE666681D45D21A00B0DB27 /* Resources */ = {
			isa = PBXResourcesBuildPhase;
			buildActionMask = 2147483647;
			files = (
			);
			runOnlyForDeploymentPostprocessing = 0;
		};
		CFE666731D45D21A00B0DB27 /* Resources */ = {
			isa = PBXResourcesBuildPhase;
			buildActionMask = 2147483647;
			files = (
			);
			runOnlyForDeploymentPostprocessing = 0;
		};
/* End PBXResourcesBuildPhase section */

/* Begin PBXSourcesBuildPhase section */
		CFE666521D45D21A00B0DB27 /* Sources */ = {
			isa = PBXSourcesBuildPhase;
			buildActionMask = 2147483647;
			files = (
				CFE6665C1D45D21A00B0DB27 /* ViewController.swift in Sources */,
				CFE6665A1D45D21A00B0DB27 /* AppDelegate.swift in Sources */,
			);
			runOnlyForDeploymentPostprocessing = 0;
		};
		CFE666661D45D21A00B0DB27 /* Sources */ = {
			isa = PBXSourcesBuildPhase;
			buildActionMask = 2147483647;
			files = (
				CFE6666F1D45D21A00B0DB27 /* DisplayArrayTests.swift in Sources */,
			);
			runOnlyForDeploymentPostprocessing = 0;
		};
		CFE666711D45D21A00B0DB27 /* Sources */ = {
			isa = PBXSourcesBuildPhase;
			buildActionMask = 2147483647;
			files = (
				CFE6667A1D45D21A00B0DB27 /* DisplayArrayUITests.swift in Sources */,
			);
			runOnlyForDeploymentPostprocessing = 0;
		};
/* End PBXSourcesBuildPhase section */

/* Begin PBXTargetDependency section */
		CFE6666C1D45D21A00B0DB27 /* PBXTargetDependency */ = {
			isa = PBXTargetDependency;
			target = CFE666551D45D21A00B0DB27 /* DisplayArray */;
			targetProxy = CFE6666B1D45D21A00B0DB27 /* PBXContainerItemProxy */;
		};
		CFE666771D45D21A00B0DB27 /* PBXTargetDependency */ = {
			isa = PBXTargetDependency;
			target = CFE666551D45D21A00B0DB27 /* DisplayArray */;
			targetProxy = CFE666761D45D21A00B0DB27 /* PBXContainerItemProxy */;
		};
/* End PBXTargetDependency section */

/* Begin PBXVariantGroup section */
		CFE6665D1D45D21A00B0DB27 /* Main.storyboard */ = {
			isa = PBXVariantGroup;
			children = (
				CFE6665E1D45D21A00B0DB27 /* Base */,
			);
			name = Main.storyboard;
			sourceTree = "<group>";
		};
		CFE666621D45D21A00B0DB27 /* LaunchScreen.storyboard */ = {
			isa = PBXVariantGroup;
			children = (
				CFE666631D45D21A00B0DB27 /* Base */,
			);
			name = LaunchScreen.storyboard;
			sourceTree = "<group>";
		};
/* End PBXVariantGroup section */

/* Begin XCBuildConfiguration section */
		CFE6667C1D45D21A00B0DB27 /* Debug */ = {
			isa = XCBuildConfiguration;
			buildSettings = {
				ALWAYS_SEARCH_USER_PATHS = NO;
				CLANG_ANALYZER_NONNULL = YES;
				CLANG_CXX_LANGUAGE_STANDARD = "gnu++0x";
				CLANG_CXX_LIBRARY = "libc++";
				CLANG_ENABLE_MODULES = YES;
				CLANG_ENABLE_OBJC_ARC = YES;
				CLANG_WARN_BOOL_CONVERSION = YES;
				CLANG_WARN_CONSTANT_CONVERSION = YES;
				CLANG_WARN_DIRECT_OBJC_ISA_USAGE = YES_ERROR;
				CLANG_WARN_EMPTY_BODY = YES;
				CLANG_WARN_ENUM_CONVERSION = YES;
				CLANG_WARN_INT_CONVERSION = YES;
				CLANG_WARN_OBJC_ROOT_CLASS = YES_ERROR;
				CLANG_WARN_UNREACHABLE_CODE = YES;
				CLANG_WARN__DUPLICATE_METHOD_MATCH = YES;
				"CODE_SIGN_IDENTITY[sdk=iphoneos*]" = "iPhone Developer";
				COPY_PHASE_STRIP = NO;
				DEBUG_INFORMATION_FORMAT = dwarf;
				ENABLE_STRICT_OBJC_MSGSEND = YES;
				ENABLE_TESTABILITY = YES;
				GCC_C_LANGUAGE_STANDARD = gnu99;
				GCC_DYNAMIC_NO_PIC = NO;
				GCC_NO_COMMON_BLOCKS = YES;
				GCC_OPTIMIZATION_LEVEL = 0;
				GCC_PREPROCESSOR_DEFINITIONS = (
					"DEBUG=1",
					"$(inherited)",
				);
				GCC_WARN_64_TO_32_BIT_CONVERSION = YES;
				GCC_WARN_ABOUT_RETURN_TYPE = YES_ERROR;
				GCC_WARN_UNDECLARED_SELECTOR = YES;
				GCC_WARN_UNINITIALIZED_AUTOS = YES_AGGRESSIVE;
				GCC_WARN_UNUSED_FUNCTION = YES;
				GCC_WARN_UNUSED_VARIABLE = YES;
				IPHONEOS_DEPLOYMENT_TARGET = 9.3;
				MTL_ENABLE_DEBUG_INFO = YES;
				ONLY_ACTIVE_ARCH = YES;
				SDKROOT = iphoneos;
				SWIFT_OPTIMIZATION_LEVEL = "-Onone";
				TARGETED_DEVICE_FAMILY = "1,2";
			};
			name = Debug;
		};
		CFE6667D1D45D21A00B0DB27 /* Release */ = {
			isa = XCBuildConfiguration;
			buildSettings = {
				ALWAYS_SEARCH_USER_PATHS = NO;
				CLANG_ANALYZER_NONNULL = YES;
				CLANG_CXX_LANGUAGE_STANDARD = "gnu++0x";
				CLANG_CXX_LIBRARY = "libc++";
				CLANG_ENABLE_MODULES = YES;
				CLANG_ENABLE_OBJC_ARC = YES;
				CLANG_WARN_BOOL_CONVERSION = YES;
				CLANG_WARN_CONSTANT_CONVERSION = YES;
				CLANG_WARN_DIRECT_OBJC_ISA_USAGE = YES_ERROR;
				CLANG_WARN_EMPTY_BODY = YES;
				CLANG_WARN_ENUM_CONVERSION = YES;
				CLANG_WARN_INT_CONVERSION = YES;
				CLANG_WARN_OBJC_ROOT_CLASS = YES_ERROR;
				CLANG_WARN_UNREACHABLE_CODE = YES;
				CLANG_WARN__DUPLICATE_METHOD_MATCH = YES;
				"CODE_SIGN_IDENTITY[sdk=iphoneos*]" = "iPhone Developer";
				COPY_PHASE_STRIP = NO;
				DEBUG_INFORMATION_FORMAT = "dwarf-with-dsym";
				ENABLE_NS_ASSERTIONS = NO;
				ENABLE_STRICT_OBJC_MSGSEND = YES;
				GCC_C_LANGUAGE_STANDARD = gnu99;
				GCC_NO_COMMON_BLOCKS = YES;
				GCC_WARN_64_TO_32_BIT_CONVERSION = YES;
				GCC_WARN_ABOUT_RETURN_TYPE = YES_ERROR;
				GCC_WARN_UNDECLARED_SELECTOR = YES;
				GCC_WARN_UNINITIALIZED_AUTOS = YES_AGGRESSIVE;
				GCC_WARN_UNUSED_FUNCTION = YES;
				GCC_WARN_UNUSED_VARIABLE = YES;
				IPHONEOS_DEPLOYMENT_TARGET = 9.3;
				MTL_ENABLE_DEBUG_INFO = NO;
				SDKROOT = iphoneos;
				TARGETED_DEVICE_FAMILY = "1,2";
				VALIDATE_PRODUCT = YES;
			};
			name = Release;
		};
		CFE6667F1D45D21A00B0DB27 /* Debug */ = {
			isa = XCBuildConfiguration;
			buildSettings = {
				ASSETCATALOG_COMPILER_APPICON_NAME = AppIcon;
				INFOPLIST_FILE = DisplayArray/Info.plist;
				LD_RUNPATH_SEARCH_PATHS = "$(inherited) @executable_path/Frameworks";
				PRODUCT_BUNDLE_IDENTIFIER = omri.DisplayArray;
				PRODUCT_NAME = "$(TARGET_NAME)";
			};
			name = Debug;
		};
		CFE666801D45D21A00B0DB27 /* Release */ = {
			isa = XCBuildConfiguration;
			buildSettings = {
				ASSETCATALOG_COMPILER_APPICON_NAME = AppIcon;
				INFOPLIST_FILE = DisplayArray/Info.plist;
				LD_RUNPATH_SEARCH_PATHS = "$(inherited) @executable_path/Frameworks";
				PRODUCT_BUNDLE_IDENTIFIER = omri.DisplayArray;
				PRODUCT_NAME = "$(TARGET_NAME)";
			};
			name = Release;
		};
		CFE666821D45D21A00B0DB27 /* Debug */ = {
			isa = XCBuildConfiguration;
			buildSettings = {
				BUNDLE_LOADER = "$(TEST_HOST)";
				INFOPLIST_FILE = DisplayArrayTests/Info.plist;
				LD_RUNPATH_SEARCH_PATHS = "$(inherited) @executable_path/Frameworks @loader_path/Frameworks";
				PRODUCT_BUNDLE_IDENTIFIER = omri.DisplayArrayTests;
				PRODUCT_NAME = "$(TARGET_NAME)";
				TEST_HOST = "$(BUILT_PRODUCTS_DIR)/DisplayArray.app/DisplayArray";
			};
			name = Debug;
		};
		CFE666831D45D21A00B0DB27 /* Release */ = {
			isa = XCBuildConfiguration;
			buildSettings = {
				BUNDLE_LOADER = "$(TEST_HOST)";
				INFOPLIST_FILE = DisplayArrayTests/Info.plist;
				LD_RUNPATH_SEARCH_PATHS = "$(inherited) @executable_path/Frameworks @loader_path/Frameworks";
				PRODUCT_BUNDLE_IDENTIFIER = omri.DisplayArrayTests;
				PRODUCT_NAME = "$(TARGET_NAME)";
				TEST_HOST = "$(BUILT_PRODUCTS_DIR)/DisplayArray.app/DisplayArray";
			};
			name = Release;
		};
		CFE666851D45D21A00B0DB27 /* Debug */ = {
			isa = XCBuildConfiguration;
			buildSettings = {
				INFOPLIST_FILE = DisplayArrayUITests/Info.plist;
				LD_RUNPATH_SEARCH_PATHS = "$(inherited) @executable_path/Frameworks @loader_path/Frameworks";
				PRODUCT_BUNDLE_IDENTIFIER = omri.DisplayArrayUITests;
				PRODUCT_NAME = "$(TARGET_NAME)";
				TEST_TARGET_NAME = DisplayArray;
			};
			name = Debug;
		};
		CFE666861D45D21A00B0DB27 /* Release */ = {
			isa = XCBuildConfiguration;
			buildSettings = {
				INFOPLIST_FILE = DisplayArrayUITests/Info.plist;
				LD_RUNPATH_SEARCH_PATHS = "$(inherited) @executable_path/Frameworks @loader_path/Frameworks";
				PRODUCT_BUNDLE_IDENTIFIER = omri.DisplayArrayUITests;
				PRODUCT_NAME = "$(TARGET_NAME)";
				TEST_TARGET_NAME = DisplayArray;
			};
			name = Release;
		};
/* End XCBuildConfiguration section */

/* Begin XCConfigurationList section */
		CFE666511D45D21A00B0DB27 /* Build configuration list for PBXProject "DisplayArray" */ = {
			isa = XCConfigurationList;
			buildConfigurations = (
				CFE6667C1D45D21A00B0DB27 /* Debug */,
				CFE6667D1D45D21A00B0DB27 /* Release */,
			);
			defaultConfigurationIsVisible = 0;
			defaultConfigurationName = Release;
		};
		CFE6667E1D45D21A00B0DB27 /* Build configuration list for PBXNativeTarget "DisplayArray" */ = {
			isa = XCConfigurationList;
			buildConfigurations = (
				CFE6667F1D45D21A00B0DB27 /* Debug */,
				CFE666801D45D21A00B0DB27 /* Release */,
			);
			defaultConfigurationIsVisible = 0;
		};
		CFE666811D45D21A00B0DB27 /* Build configuration list for PBXNativeTarget "DisplayArrayTests" */ = {
			isa = XCConfigurationList;
			buildConfigurations = (
				CFE666821D45D21A00B0DB27 /* Debug */,
				CFE666831D45D21A00B0DB27 /* Release */,
			);
			defaultConfigurationIsVisible = 0;
		};
		CFE666841D45D21A00B0DB27 /* Build configuration list for PBXNativeTarget "DisplayArrayUITests" */ = {
			isa = XCConfigurationList;
			buildConfigurations = (
				CFE666851D45D21A00B0DB27 /* Debug */,
				CFE666861D45D21A00B0DB27 /* Release */,
			);
			defaultConfigurationIsVisible = 0;
		};
/* End XCConfigurationList section */
	};
	rootObject = CFE6664E1D45D21A00B0DB27 /* Project object */;
}
